
Microsoft Visual Studio Solution File, Format Version 12.00
# Visual Studio Version 17
VisualStudioVersion = 17.10.35004.147
MinimumVisualStudioVersion = 10.0.40219.1
Project("{FAE04EC0-301F-11D3-BF4B-00C04F79EFBC}") = "ArcFix", "ArcFix\ArcFix.csproj", "{429F84E1-9CDF-461E-AF21-C9C2B699B59F}"
EndProject
Global
	GlobalSection(SolutionConfigurationPlatforms) = preSolution
		Debug|Any CPU = Debug|Any CPU
		Debug|x64 = Debug|x64
		Release|Any CPU = Release|Any CPU
		Release|x64 = Release|x64
	EndGlobalSection
	GlobalSection(ProjectConfigurationPlatforms) = postSolution
		{429F84E1-9CDF-461E-AF21-C9C2B699B59F}.Debug|Any CPU.ActiveCfg = Debug|Any CPU
		{429F84E1-9CDF-461E-AF21-C9C2B699B59F}.Debug|Any CPU.Build.0 = Debug|Any CPU
		{429F84E1-9CDF-461E-AF21-C9C2B699B59F}.Debug|x64.ActiveCfg = Debug|x64
		{429F84E1-9CDF-461E-AF21-C9C2B699B59F}.Debug|x64.Build.0 = Debug|x64
		{429F84E1-9CDF-461E-AF21-C9C2B699B59F}.Release|Any CPU.ActiveCfg = Release|Any CPU
		{429F84E1-9CDF-461E-AF21-C9C2B699B59F}.Release|Any CPU.Build.0 = Release|Any CPU
		{429F84E1-9CDF-461E-AF21-C9C2B699B59F}.Release|x64.ActiveCfg = Release|x64
		{429F84E1-9CDF-461E-AF21-C9C2B699B59F}.Release|x64.Build.0 = Release|x64
	EndGlobalSection
	GlobalSection(SolutionProperties) = preSolution
		HideSolutionNode = FALSE
	EndGlobalSection
	GlobalSection(ExtensibilityGlobals) = postSolution
		SolutionGuid = {66354F15-961E-4872-AEFA-D7DC1309A967}
	EndGlobalSection
EndGlobal
